
Microsoft Visual Studio Solution File, Format Version 12.00
# Visual Studio Version 16
VisualStudioVersion = 16.0.29519.87
MinimumVisualStudioVersion = 10.0.40219.1
Project("{FAE04EC0-301F-11D3-BF4B-00C04F79EFBC}") = "RabbitMQ_Demo", "RabbitMQ_Demo.csproj", "{5A55DEC7-D0AC-4466-A684-F9A8E446D674}"
EndProject
Global
	GlobalSection(SolutionConfigurationPlatforms) = preSolution
		Debug|Any CPU = Debug|Any CPU
		Release|Any CPU = Release|Any CPU
	EndGlobalSection
	GlobalSection(ProjectConfigurationPlatforms) = postSolution
		{5A55DEC7-D0AC-4466-A684-F9A8E446D674}.Debug|Any CPU.ActiveCfg = Debug|Any CPU
		{5A55DEC7-D0AC-4466-A684-F9A8E446D674}.Debug|Any CPU.Build.0 = Debug|Any CPU
		{5A55DEC7-D0AC-4466-A684-F9A8E446D674}.Release|Any CPU.ActiveCfg = Release|Any CPU
		{5A55DEC7-D0AC-4466-A684-F9A8E446D674}.Release|Any CPU.Build.0 = Release|Any CPU
	EndGlobalSection
	GlobalSection(SolutionProperties) = preSolution
		HideSolutionNode = FALSE
	EndGlobalSection
	GlobalSection(ExtensibilityGlobals) = postSolution
		SolutionGuid = {82042ED6-6AB5-4042-BF19-33F99294305D}
	EndGlobalSection
EndGlobal
